
Microsoft Visual Studio Solution File, Format Version 12.00
# Visual Studio Version 17
VisualStudioVersion = 17.5.002.0
MinimumVisualStudioVersion = 10.0.40219.1
Project("{9A19103F-16F7-4668-BE54-9A1E7A4F7556}") = "LMS.API", "LMS.API.csproj", "{76100062-C5F2-4744-B6C9-EAD7A6DCA312}"
EndProject
Project("{2150E333-8FDC-42A3-9474-1A3956D46DE8}") = "LMS", "LMS", "{4A3348FA-F67E-44A1-A742-5B0F29B46092}"
EndProject
Global
	GlobalSection(SolutionConfigurationPlatforms) = preSolution
		Debug|Any CPU = Debug|Any CPU
		Release|Any CPU = Release|Any CPU
	EndGlobalSection
	GlobalSection(ProjectConfigurationPlatforms) = postSolution
		{76100062-C5F2-4744-B6C9-EAD7A6DCA312}.Debug|Any CPU.ActiveCfg = Debug|Any CPU
		{76100062-C5F2-4744-B6C9-EAD7A6DCA312}.Debug|Any CPU.Build.0 = Debug|Any CPU
		{76100062-C5F2-4744-B6C9-EAD7A6DCA312}.Release|Any CPU.ActiveCfg = Release|Any CPU
		{76100062-C5F2-4744-B6C9-EAD7A6DCA312}.Release|Any CPU.Build.0 = Release|Any CPU
	EndGlobalSection
	GlobalSection(SolutionProperties) = preSolution
		HideSolutionNode = FALSE
	EndGlobalSection
	GlobalSection(ExtensibilityGlobals) = postSolution
		SolutionGuid = {6ED0E58F-2D34-4184-958C-FAB0D4388F7C}
	EndGlobalSection
EndGlobal
