
Microsoft Visual Studio Solution File, Format Version 12.00
# Visual Studio Version 17
VisualStudioVersion = 17.5.002.0
MinimumVisualStudioVersion = 10.0.40219.1
Project("{2150E333-8FDC-42A3-9474-1A3956D46DE8}") = "Src", "Src", "{9B206C2B-5AC5-405D-8892-11E87D6022EA}"
EndProject
Global
	GlobalSection(SolutionConfigurationPlatforms) = preSolution
		Debug|Any CPU = Debug|Any CPU
		Release|Any CPU = Release|Any CPU
	EndGlobalSection
	GlobalSection(ProjectConfigurationPlatforms) = postSolution
		{8BF01E1F-50FC-47D6-8604-B04F8648CDF1}.Debug|Any CPU.ActiveCfg = Debug|Any CPU
		{8BF01E1F-50FC-47D6-8604-B04F8648CDF1}.Debug|Any CPU.Build.0 = Debug|Any CPU
		{8BF01E1F-50FC-47D6-8604-B04F8648CDF1}.Release|Any CPU.ActiveCfg = Release|Any CPU
		{8BF01E1F-50FC-47D6-8604-B04F8648CDF1}.Release|Any CPU.Build.0 = Release|Any CPU
	EndGlobalSection
	GlobalSection(SolutionProperties) = preSolution
		HideSolutionNode = FALSE
	EndGlobalSection
	GlobalSection(NestedProjects) = preSolution
		{8BF01E1F-50FC-47D6-8604-B04F8648CDF1} = {9B206C2B-5AC5-405D-8892-11E87D6022EA}
	EndGlobalSection
	GlobalSection(ExtensibilityGlobals) = postSolution
		SolutionGuid = {E766C5EE-85BA-4069-B01C-29D7F9586FA4}
	EndGlobalSection
EndGlobal
